
Microsoft Visual Studio Solution File, Format Version 12.00
# Visual Studio Version 16
VisualStudioVersion = 16.0.33027.164
MinimumVisualStudioVersion = 10.0.40219.1
Project("{FAE04EC0-301F-11D3-BF4B-00C04F79EFBC}") = "EF_ModelFirst", "EF_ModelFirst\EF_ModelFirst.csproj", "{82D10052-FF6B-437F-A17A-DD6208CEE7AD}"
EndProject
Global
	GlobalSection(SolutionConfigurationPlatforms) = preSolution
		Debug|Any CPU = Debug|Any CPU
		Release|Any CPU = Release|Any CPU
	EndGlobalSection
	GlobalSection(ProjectConfigurationPlatforms) = postSolution
		{82D10052-FF6B-437F-A17A-DD6208CEE7AD}.Debug|Any CPU.ActiveCfg = Debug|Any CPU
		{82D10052-FF6B-437F-A17A-DD6208CEE7AD}.Debug|Any CPU.Build.0 = Debug|Any CPU
		{82D10052-FF6B-437F-A17A-DD6208CEE7AD}.Release|Any CPU.ActiveCfg = Release|Any CPU
		{82D10052-FF6B-437F-A17A-DD6208CEE7AD}.Release|Any CPU.Build.0 = Release|Any CPU
	EndGlobalSection
	GlobalSection(SolutionProperties) = preSolution
		HideSolutionNode = FALSE
	EndGlobalSection
	GlobalSection(ExtensibilityGlobals) = postSolution
		SolutionGuid = {070CA2DB-36F8-407B-BE83-55B2C0DF1DE7}
	EndGlobalSection
EndGlobal
